
Microsoft Visual Studio Solution File, Format Version 12.00
# Visual Studio 15
VisualStudioVersion = 15.0.26430.6
MinimumVisualStudioVersion = 10.0.40219.1
Project("{2150E333-8FDC-42A3-9474-1A3956D46DE8}") = "Solution Items", "Solution Items", "{A48FB95D-821B-4C14-A7DD-D91A75B86ED6}"
	ProjectSection(SolutionItems) = preProject
		.gitignore = .gitignore
		.travis.yml = .travis.yml
		gulpfile.babel.js = gulpfile.babel.js
		package.json = package.json
		tsconfig.json = tsconfig.json
		tslint.json = tslint.json
	EndProjectSection
EndProject
Project("{FAE04EC0-301F-11D3-BF4B-00C04F79EFBC}") = "bindings", "src\bindings\bindings.csproj", "{88A2EF84-E167-4240-8AE1-B895E8CC5CC3}"
EndProject
Project("{2150E333-8FDC-42A3-9474-1A3956D46DE8}") = "src", "src", "{04CE1800-3484-44A4-9691-6AD595F3FEF3}"
	ProjectSection(SolutionItems) = preProject
		src\skype.ts = src\skype.ts
	EndProjectSection
EndProject
Global
	GlobalSection(SolutionConfigurationPlatforms) = preSolution
		Debug|Any CPU = Debug|Any CPU
		Release|Any CPU = Release|Any CPU
	EndGlobalSection
	GlobalSection(ProjectConfigurationPlatforms) = postSolution
		{88A2EF84-E167-4240-8AE1-B895E8CC5CC3}.Debug|Any CPU.ActiveCfg = Debug|Any CPU
		{88A2EF84-E167-4240-8AE1-B895E8CC5CC3}.Debug|Any CPU.Build.0 = Debug|Any CPU
		{88A2EF84-E167-4240-8AE1-B895E8CC5CC3}.Release|Any CPU.ActiveCfg = Release|Any CPU
		{88A2EF84-E167-4240-8AE1-B895E8CC5CC3}.Release|Any CPU.Build.0 = Release|Any CPU
	EndGlobalSection
	GlobalSection(SolutionProperties) = preSolution
		HideSolutionNode = FALSE
	EndGlobalSection
	GlobalSection(NestedProjects) = preSolution
		{88A2EF84-E167-4240-8AE1-B895E8CC5CC3} = {A48FB95D-821B-4C14-A7DD-D91A75B86ED6}
		{04CE1800-3484-44A4-9691-6AD595F3FEF3} = {A48FB95D-821B-4C14-A7DD-D91A75B86ED6}
	EndGlobalSection
EndGlobal
